{
  "version": 4,
  "terraform_version": "1.9.0",
  "serial": 85,
  "lineage": "3bff6cab-fc13-b0ce-8222-a0d0f97817ca",
  "outputs": {
    "api_url": {
      "value": "https://p40sn6ybz5.execute-api.ap-south-1.amazonaws.com/prod",
      "type": "string"
    }
  },
  "resources": [
    {
      "mode": "managed",
      "type": "aws_lambda_permission",
      "name": "api_gateway_add_todo",
      "provider": "provider[\"registry.terraform.io/hashicorp/aws\"]",
      "instances": [
        {
          "schema_version": 0,
          "attributes": {
            "action": "lambda:InvokeFunction",
            "event_source_token": null,
            "function_name": "addTodo",
            "function_url_auth_type": null,
            "id": "AllowAPIGatewayInvokeAddTodo",
            "principal": "apigateway.amazonaws.com",
            "principal_org_id": null,
            "qualifier": "",
            "source_account": null,
            "source_arn": "arn:aws:execute-api:ap-south-1:339713038665:p40sn6ybz5/*/*",
            "statement_id": "AllowAPIGatewayInvokeAddTodo",
            "statement_id_prefix": ""
          },
          "sensitive_attributes": [],
          "private": "bnVsbA==",
          "dependencies": [
            "module.api_gateway.aws_api_gateway_rest_api.api",
            "module.iam.aws_iam_role.lambda_role",
            "module.lambda_add_todo.aws_lambda_function.lambda",
            "module.lambda_add_todo.data.archive_file.lambda_zip",
            "module.lambda_add_todo.null_resource.lambda_prepare",
            "module.s3.aws_s3_bucket.json_bucket",
            "module.s3.aws_s3_object.file_upload"
          ]
        }
      ]
    },
    {
      "mode": "managed",
      "type": "aws_lambda_permission",
      "name": "api_gateway_delete_todo",
      "provider": "provider[\"registry.terraform.io/hashicorp/aws\"]",
      "instances": [
        {
          "schema_version": 0,
          "attributes": {
            "action": "lambda:InvokeFunction",
            "event_source_token": null,
            "function_name": "deleteTodo",
            "function_url_auth_type": null,
            "id": "AllowAPIGatewayInvokeDeleteTodo",
            "principal": "apigateway.amazonaws.com",
            "principal_org_id": null,
            "qualifier": "",
            "source_account": null,
            "source_arn": "arn:aws:execute-api:ap-south-1:339713038665:p40sn6ybz5/*/*",
            "statement_id": "AllowAPIGatewayInvokeDeleteTodo",
            "statement_id_prefix": ""
          },
          "sensitive_attributes": [],
          "private": "bnVsbA==",
          "dependencies": [
            "module.api_gateway.aws_api_gateway_rest_api.api",
            "module.iam.aws_iam_role.lambda_role",
            "module.lambda_delete_todo.aws_lambda_function.lambda",
            "module.lambda_delete_todo.data.archive_file.lambda_zip",
            "module.lambda_delete_todo.null_resource.lambda_prepare",
            "module.s3.aws_s3_bucket.json_bucket",
            "module.s3.aws_s3_object.file_upload"
          ]
        }
      ]
    },
    {
      "mode": "managed",
      "type": "aws_lambda_permission",
      "name": "api_gateway_get_todos",
      "provider": "provider[\"registry.terraform.io/hashicorp/aws\"]",
      "instances": [
        {
          "schema_version": 0,
          "attributes": {
            "action": "lambda:InvokeFunction",
            "event_source_token": null,
            "function_name": "getTodos",
            "function_url_auth_type": null,
            "id": "AllowAPIGatewayInvokeGetTodos",
            "principal": "apigateway.amazonaws.com",
            "principal_org_id": null,
            "qualifier": "",
            "source_account": null,
            "source_arn": "arn:aws:execute-api:ap-south-1:339713038665:p40sn6ybz5/*/*",
            "statement_id": "AllowAPIGatewayInvokeGetTodos",
            "statement_id_prefix": ""
          },
          "sensitive_attributes": [],
          "private": "bnVsbA==",
          "dependencies": [
            "module.api_gateway.aws_api_gateway_rest_api.api",
            "module.iam.aws_iam_role.lambda_role",
            "module.lambda_get_todos.aws_lambda_function.lambda",
            "module.lambda_get_todos.data.archive_file.lambda_zip",
            "module.lambda_get_todos.null_resource.lambda_prepare",
            "module.s3.aws_s3_bucket.json_bucket",
            "module.s3.aws_s3_object.file_upload"
          ]
        }
      ]
    },
    {
      "mode": "managed",
      "type": "aws_lambda_permission",
      "name": "api_gateway_update_todo",
      "provider": "provider[\"registry.terraform.io/hashicorp/aws\"]",
      "instances": [
        {
          "schema_version": 0,
          "attributes": {
            "action": "lambda:InvokeFunction",
            "event_source_token": null,
            "function_name": "updateTodo",
            "function_url_auth_type": null,
            "id": "AllowAPIGatewayInvokeUpdateTodo",
            "principal": "apigateway.amazonaws.com",
            "principal_org_id": null,
            "qualifier": "",
            "source_account": null,
            "source_arn": "arn:aws:execute-api:ap-south-1:339713038665:p40sn6ybz5/*/*",
            "statement_id": "AllowAPIGatewayInvokeUpdateTodo",
            "statement_id_prefix": ""
          },
          "sensitive_attributes": [],
          "private": "bnVsbA==",
          "dependencies": [
            "module.api_gateway.aws_api_gateway_rest_api.api",
            "module.iam.aws_iam_role.lambda_role",
            "module.lambda_update_todo.aws_lambda_function.lambda",
            "module.lambda_update_todo.data.archive_file.lambda_zip",
            "module.lambda_update_todo.null_resource.lambda_prepare",
            "module.s3.aws_s3_bucket.json_bucket",
            "module.s3.aws_s3_object.file_upload"
          ]
        }
      ]
    },
    {
      "module": "module.api_gateway",
      "mode": "managed",
      "type": "aws_api_gateway_deployment",
      "name": "deployment",
      "provider": "provider[\"registry.terraform.io/hashicorp/aws\"]",
      "instances": [
        {
          "schema_version": 0,
          "attributes": {
            "canary_settings": [],
            "created_date": "2024-07-02T09:36:52Z",
            "description": "",
            "execution_arn": "arn:aws:execute-api:ap-south-1:339713038665:p40sn6ybz5/prod",
            "id": "nyeivd",
            "invoke_url": "https://p40sn6ybz5.execute-api.ap-south-1.amazonaws.com/prod",
            "rest_api_id": "p40sn6ybz5",
            "stage_description": null,
            "stage_name": "prod",
            "triggers": {
              "redeployment": "9c629db91d8143cc47df2ccdf3b3a002d8cc5d7d"
            },
            "variables": null
          },
          "sensitive_attributes": [],
          "private": "bnVsbA==",
          "dependencies": [
            "module.api_gateway.aws_api_gateway_integration.add_todo",
            "module.api_gateway.aws_api_gateway_integration.delete_todo",
            "module.api_gateway.aws_api_gateway_integration.get_todos",
            "module.api_gateway.aws_api_gateway_integration.update_todo",
            "module.api_gateway.aws_api_gateway_method.add_todo",
            "module.api_gateway.aws_api_gateway_method.delete_todo",
            "module.api_gateway.aws_api_gateway_method.get_todos",
            "module.api_gateway.aws_api_gateway_method.update_todo",
            "module.api_gateway.aws_api_gateway_resource.todo",
            "module.api_gateway.aws_api_gateway_resource.todos",
            "module.api_gateway.aws_api_gateway_rest_api.api",
            "module.iam.aws_iam_role.lambda_role",
            "module.lambda_add_todo.aws_lambda_function.lambda",
            "module.lambda_add_todo.data.archive_file.lambda_zip",
            "module.lambda_add_todo.null_resource.lambda_prepare",
            "module.lambda_delete_todo.aws_lambda_function.lambda",
            "module.lambda_delete_todo.data.archive_file.lambda_zip",
            "module.lambda_delete_todo.null_resource.lambda_prepare",
            "module.lambda_get_todos.aws_lambda_function.lambda",
            "module.lambda_get_todos.data.archive_file.lambda_zip",
            "module.lambda_get_todos.null_resource.lambda_prepare",
            "module.lambda_update_todo.aws_lambda_function.lambda",
            "module.lambda_update_todo.data.archive_file.lambda_zip",
            "module.lambda_update_todo.null_resource.lambda_prepare",
            "module.s3.aws_s3_bucket.json_bucket",
            "module.s3.aws_s3_object.file_upload"
          ],
          "create_before_destroy": true
        }
      ]
    },
    {
      "module": "module.api_gateway",
      "mode": "managed",
      "type": "aws_api_gateway_integration",
      "name": "add_todo",
      "provider": "provider[\"registry.terraform.io/hashicorp/aws\"]",
      "instances": [
        {
          "schema_version": 0,
          "attributes": {
            "cache_key_parameters": [],
            "cache_namespace": "6o81ab",
            "connection_id": "",
            "connection_type": "INTERNET",
            "content_handling": "",
            "credentials": "",
            "http_method": "POST",
            "id": "agi-p40sn6ybz5-6o81ab-POST",
            "integration_http_method": "POST",
            "passthrough_behavior": "WHEN_NO_MATCH",
            "request_parameters": {},
            "request_templates": {},
            "resource_id": "6o81ab",
            "rest_api_id": "p40sn6ybz5",
            "timeout_milliseconds": 29000,
            "tls_config": [],
            "type": "AWS_PROXY",
            "uri": "arn:aws:apigateway:ap-south-1:lambda:path/2015-03-31/functions/arn:aws:lambda:ap-south-1:339713038665:function:addTodo/invocations"
          },
          "sensitive_attributes": [],
          "private": "bnVsbA==",
          "dependencies": [
            "module.api_gateway.aws_api_gateway_method.add_todo",
            "module.api_gateway.aws_api_gateway_resource.todos",
            "module.api_gateway.aws_api_gateway_rest_api.api",
            "module.iam.aws_iam_role.lambda_role",
            "module.lambda_add_todo.aws_lambda_function.lambda",
            "module.lambda_add_todo.data.archive_file.lambda_zip",
            "module.lambda_add_todo.null_resource.lambda_prepare",
            "module.s3.aws_s3_bucket.json_bucket",
            "module.s3.aws_s3_object.file_upload"
          ],
          "create_before_destroy": true
        }
      ]
    },
    {
      "module": "module.api_gateway",
      "mode": "managed",
      "type": "aws_api_gateway_integration",
      "name": "delete_todo",
      "provider": "provider[\"registry.terraform.io/hashicorp/aws\"]",
      "instances": [
        {
          "schema_version": 0,
          "attributes": {
            "cache_key_parameters": [],
            "cache_namespace": "7wamse",
            "connection_id": "",
            "connection_type": "INTERNET",
            "content_handling": "",
            "credentials": "",
            "http_method": "DELETE",
            "id": "agi-p40sn6ybz5-7wamse-DELETE",
            "integration_http_method": "POST",
            "passthrough_behavior": "WHEN_NO_MATCH",
            "request_parameters": {},
            "request_templates": {},
            "resource_id": "7wamse",
            "rest_api_id": "p40sn6ybz5",
            "timeout_milliseconds": 29000,
            "tls_config": [],
            "type": "AWS_PROXY",
            "uri": "arn:aws:apigateway:ap-south-1:lambda:path/2015-03-31/functions/arn:aws:lambda:ap-south-1:339713038665:function:deleteTodo/invocations"
          },
          "sensitive_attributes": [],
          "private": "bnVsbA==",
          "dependencies": [
            "module.api_gateway.aws_api_gateway_method.delete_todo",
            "module.api_gateway.aws_api_gateway_resource.todo",
            "module.api_gateway.aws_api_gateway_resource.todos",
            "module.api_gateway.aws_api_gateway_rest_api.api",
            "module.iam.aws_iam_role.lambda_role",
            "module.lambda_delete_todo.aws_lambda_function.lambda",
            "module.lambda_delete_todo.data.archive_file.lambda_zip",
            "module.lambda_delete_todo.null_resource.lambda_prepare",
            "module.s3.aws_s3_bucket.json_bucket",
            "module.s3.aws_s3_object.file_upload"
          ],
          "create_before_destroy": true
        }
      ]
    },
    {
      "module": "module.api_gateway",
      "mode": "managed",
      "type": "aws_api_gateway_integration",
      "name": "get_todos",
      "provider": "provider[\"registry.terraform.io/hashicorp/aws\"]",
      "instances": [
        {
          "schema_version": 0,
          "attributes": {
            "cache_key_parameters": [],
            "cache_namespace": "6o81ab",
            "connection_id": "",
            "connection_type": "INTERNET",
            "content_handling": "",
            "credentials": "",
            "http_method": "GET",
            "id": "agi-p40sn6ybz5-6o81ab-GET",
            "integration_http_method": "POST",
            "passthrough_behavior": "WHEN_NO_MATCH",
            "request_parameters": {},
            "request_templates": {},
            "resource_id": "6o81ab",
            "rest_api_id": "p40sn6ybz5",
            "timeout_milliseconds": 29000,
            "tls_config": [],
            "type": "AWS_PROXY",
            "uri": "arn:aws:apigateway:ap-south-1:lambda:path/2015-03-31/functions/arn:aws:lambda:ap-south-1:339713038665:function:getTodos/invocations"
          },
          "sensitive_attributes": [],
          "private": "bnVsbA==",
          "dependencies": [
            "module.api_gateway.aws_api_gateway_method.get_todos",
            "module.api_gateway.aws_api_gateway_resource.todos",
            "module.api_gateway.aws_api_gateway_rest_api.api",
            "module.iam.aws_iam_role.lambda_role",
            "module.lambda_get_todos.aws_lambda_function.lambda",
            "module.lambda_get_todos.data.archive_file.lambda_zip",
            "module.lambda_get_todos.null_resource.lambda_prepare",
            "module.s3.aws_s3_bucket.json_bucket",
            "module.s3.aws_s3_object.file_upload"
          ],
          "create_before_destroy": true
        }
      ]
    },
    {
      "module": "module.api_gateway",
      "mode": "managed",
      "type": "aws_api_gateway_integration",
      "name": "update_todo",
      "provider": "provider[\"registry.terraform.io/hashicorp/aws\"]",
      "instances": [
        {
          "schema_version": 0,
          "attributes": {
            "cache_key_parameters": [],
            "cache_namespace": "7wamse",
            "connection_id": "",
            "connection_type": "INTERNET",
            "content_handling": "",
            "credentials": "",
            "http_method": "PUT",
            "id": "agi-p40sn6ybz5-7wamse-PUT",
            "integration_http_method": "POST",
            "passthrough_behavior": "WHEN_NO_MATCH",
            "request_parameters": {},
            "request_templates": {},
            "resource_id": "7wamse",
            "rest_api_id": "p40sn6ybz5",
            "timeout_milliseconds": 29000,
            "tls_config": [],
            "type": "AWS_PROXY",
            "uri": "arn:aws:apigateway:ap-south-1:lambda:path/2015-03-31/functions/arn:aws:lambda:ap-south-1:339713038665:function:updateTodo/invocations"
          },
          "sensitive_attributes": [],
          "private": "bnVsbA==",
          "dependencies": [
            "module.api_gateway.aws_api_gateway_method.update_todo",
            "module.api_gateway.aws_api_gateway_resource.todo",
            "module.api_gateway.aws_api_gateway_resource.todos",
            "module.api_gateway.aws_api_gateway_rest_api.api",
            "module.iam.aws_iam_role.lambda_role",
            "module.lambda_update_todo.aws_lambda_function.lambda",
            "module.lambda_update_todo.data.archive_file.lambda_zip",
            "module.lambda_update_todo.null_resource.lambda_prepare",
            "module.s3.aws_s3_bucket.json_bucket",
            "module.s3.aws_s3_object.file_upload"
          ],
          "create_before_destroy": true
        }
      ]
    },
    {
      "module": "module.api_gateway",
      "mode": "managed",
      "type": "aws_api_gateway_method",
      "name": "add_todo",
      "provider": "provider[\"registry.terraform.io/hashicorp/aws\"]",
      "instances": [
        {
          "schema_version": 0,
          "attributes": {
            "api_key_required": false,
            "authorization": "NONE",
            "authorization_scopes": [],
            "authorizer_id": "",
            "http_method": "POST",
            "id": "agm-p40sn6ybz5-6o81ab-POST",
            "operation_name": "",
            "request_models": {},
            "request_parameters": {},
            "request_validator_id": "",
            "resource_id": "6o81ab",
            "rest_api_id": "p40sn6ybz5"
          },
          "sensitive_attributes": [],
          "private": "bnVsbA==",
          "dependencies": [
            "module.api_gateway.aws_api_gateway_resource.todos",
            "module.api_gateway.aws_api_gateway_rest_api.api"
          ],
          "create_before_destroy": true
        }
      ]
    },
    {
      "module": "module.api_gateway",
      "mode": "managed",
      "type": "aws_api_gateway_method",
      "name": "delete_todo",
      "provider": "provider[\"registry.terraform.io/hashicorp/aws\"]",
      "instances": [
        {
          "schema_version": 0,
          "attributes": {
            "api_key_required": false,
            "authorization": "NONE",
            "authorization_scopes": [],
            "authorizer_id": "",
            "http_method": "DELETE",
            "id": "agm-p40sn6ybz5-7wamse-DELETE",
            "operation_name": "",
            "request_models": {},
            "request_parameters": {},
            "request_validator_id": "",
            "resource_id": "7wamse",
            "rest_api_id": "p40sn6ybz5"
          },
          "sensitive_attributes": [],
          "private": "bnVsbA==",
          "dependencies": [
            "module.api_gateway.aws_api_gateway_resource.todo",
            "module.api_gateway.aws_api_gateway_resource.todos",
            "module.api_gateway.aws_api_gateway_rest_api.api"
          ],
          "create_before_destroy": true
        }
      ]
    },
    {
      "module": "module.api_gateway",
      "mode": "managed",
      "type": "aws_api_gateway_method",
      "name": "get_todos",
      "provider": "provider[\"registry.terraform.io/hashicorp/aws\"]",
      "instances": [
        {
          "schema_version": 0,
          "attributes": {
            "api_key_required": false,
            "authorization": "NONE",
            "authorization_scopes": [],
            "authorizer_id": "",
            "http_method": "GET",
            "id": "agm-p40sn6ybz5-6o81ab-GET",
            "operation_name": "",
            "request_models": {},
            "request_parameters": {},
            "request_validator_id": "",
            "resource_id": "6o81ab",
            "rest_api_id": "p40sn6ybz5"
          },
          "sensitive_attributes": [],
          "private": "bnVsbA==",
          "dependencies": [
            "module.api_gateway.aws_api_gateway_resource.todos",
            "module.api_gateway.aws_api_gateway_rest_api.api"
          ],
          "create_before_destroy": true
        }
      ]
    },
    {
      "module": "module.api_gateway",
      "mode": "managed",
      "type": "aws_api_gateway_method",
      "name": "update_todo",
      "provider": "provider[\"registry.terraform.io/hashicorp/aws\"]",
      "instances": [
        {
          "schema_version": 0,
          "attributes": {
            "api_key_required": false,
            "authorization": "NONE",
            "authorization_scopes": [],
            "authorizer_id": "",
            "http_method": "PUT",
            "id": "agm-p40sn6ybz5-7wamse-PUT",
            "operation_name": "",
            "request_models": {},
            "request_parameters": {},
            "request_validator_id": "",
            "resource_id": "7wamse",
            "rest_api_id": "p40sn6ybz5"
          },
          "sensitive_attributes": [],
          "private": "bnVsbA==",
          "dependencies": [
            "module.api_gateway.aws_api_gateway_resource.todo",
            "module.api_gateway.aws_api_gateway_resource.todos",
            "module.api_gateway.aws_api_gateway_rest_api.api"
          ],
          "create_before_destroy": true
        }
      ]
    },
    {
      "module": "module.api_gateway",
      "mode": "managed",
      "type": "aws_api_gateway_resource",
      "name": "todo",
      "provider": "provider[\"registry.terraform.io/hashicorp/aws\"]",
      "instances": [
        {
          "schema_version": 0,
          "attributes": {
            "id": "7wamse",
            "parent_id": "6o81ab",
            "path": "/todos/{id}",
            "path_part": "{id}",
            "rest_api_id": "p40sn6ybz5"
          },
          "sensitive_attributes": [],
          "private": "bnVsbA==",
          "dependencies": [
            "module.api_gateway.aws_api_gateway_resource.todos",
            "module.api_gateway.aws_api_gateway_rest_api.api"
          ],
          "create_before_destroy": true
        }
      ]
    },
    {
      "module": "module.api_gateway",
      "mode": "managed",
      "type": "aws_api_gateway_resource",
      "name": "todos",
      "provider": "provider[\"registry.terraform.io/hashicorp/aws\"]",
      "instances": [
        {
          "schema_version": 0,
          "attributes": {
            "id": "6o81ab",
            "parent_id": "h9loc3v0ci",
            "path": "/todos",
            "path_part": "todos",
            "rest_api_id": "p40sn6ybz5"
          },
          "sensitive_attributes": [],
          "private": "bnVsbA==",
          "dependencies": [
            "module.api_gateway.aws_api_gateway_rest_api.api"
          ],
          "create_before_destroy": true
        }
      ]
    },
    {
      "module": "module.api_gateway",
      "mode": "managed",
      "type": "aws_api_gateway_rest_api",
      "name": "api",
      "provider": "provider[\"registry.terraform.io/hashicorp/aws\"]",
      "instances": [
        {
          "schema_version": 0,
          "attributes": {
            "api_key_source": "HEADER",
            "arn": "arn:aws:apigateway:ap-south-1::/restapis/p40sn6ybz5",
            "binary_media_types": [],
            "body": null,
            "created_date": "2024-07-02T08:51:34Z",
            "description": "Todo API Gateway",
            "disable_execute_api_endpoint": false,
            "endpoint_configuration": [
              {
                "types": [
                  "EDGE"
                ],
                "vpc_endpoint_ids": []
              }
            ],
            "execution_arn": "arn:aws:execute-api:ap-south-1:339713038665:p40sn6ybz5",
            "fail_on_warnings": null,
            "id": "p40sn6ybz5",
            "minimum_compression_size": "",
            "name": "TodoAPI",
            "parameters": null,
            "policy": "",
            "put_rest_api_mode": null,
            "root_resource_id": "h9loc3v0ci",
            "tags": {},
            "tags_all": {}
          },
          "sensitive_attributes": [],
          "private": "bnVsbA==",
          "create_before_destroy": true
        }
      ]
    },
    {
      "module": "module.iam",
      "mode": "managed",
      "type": "aws_iam_policy",
      "name": "s3_policy",
      "provider": "provider[\"registry.terraform.io/hashicorp/aws\"]",
      "instances": [
        {
          "schema_version": 0,
          "attributes": {
            "arn": "arn:aws:iam::339713038665:policy/s3_read_write_policy",
            "attachment_count": 1,
            "description": "IAM policy for reading and writing to S3",
            "id": "arn:aws:iam::339713038665:policy/s3_read_write_policy",
            "name": "s3_read_write_policy",
            "name_prefix": "",
            "path": "/",
            "policy": "{\"Statement\":[{\"Action\":[\"s3:GetObject\",\"s3:PutObject\",\"s3:DeleteObject\",\"s3:ListObjects\",\"s3:ListBucket\"],\"Effect\":\"Allow\",\"Resource\":[\"arn:aws:s3:::my-json-bucket-for-terraform\",\"arn:aws:s3:::my-json-bucket-for-terraform/*\"]}],\"Version\":\"2012-10-17\"}",
            "policy_id": "ANPAU6GDZTFEXKUBNOKOW",
            "tags": {},
            "tags_all": {}
          },
          "sensitive_attributes": [],
          "private": "bnVsbA==",
          "dependencies": [
            "module.s3.aws_s3_bucket.json_bucket"
          ]
        }
      ]
    },
    {
      "module": "module.iam",
      "mode": "managed",
      "type": "aws_iam_role",
      "name": "lambda_role",
      "provider": "provider[\"registry.terraform.io/hashicorp/aws\"]",
      "instances": [
        {
          "schema_version": 0,
          "attributes": {
            "arn": "arn:aws:iam::339713038665:role/lambda_role",
            "assume_role_policy": "{\"Statement\":[{\"Action\":\"sts:AssumeRole\",\"Effect\":\"Allow\",\"Principal\":{\"Service\":\"lambda.amazonaws.com\"}}],\"Version\":\"2012-10-17\"}",
            "create_date": "2024-07-02T08:51:34Z",
            "description": "",
            "force_detach_policies": false,
            "id": "lambda_role",
            "inline_policy": [],
            "managed_policy_arns": [
              "arn:aws:iam::339713038665:policy/s3_read_write_policy",
              "arn:aws:iam::aws:policy/service-role/AWSLambdaBasicExecutionRole"
            ],
            "max_session_duration": 3600,
            "name": "lambda_role",
            "name_prefix": "",
            "path": "/",
            "permissions_boundary": "",
            "tags": {},
            "tags_all": {},
            "unique_id": "AROAU6GDZTFEQJIBEAD36"
          },
          "sensitive_attributes": [],
          "private": "bnVsbA==",
          "create_before_destroy": true
        }
      ]
    },
    {
      "module": "module.iam",
      "mode": "managed",
      "type": "aws_iam_role_policy_attachment",
      "name": "lambda_basic_execution",
      "provider": "provider[\"registry.terraform.io/hashicorp/aws\"]",
      "instances": [
        {
          "schema_version": 0,
          "attributes": {
            "id": "lambda_role-20240702085136846600000001",
            "policy_arn": "arn:aws:iam::aws:policy/service-role/AWSLambdaBasicExecutionRole",
            "role": "lambda_role"
          },
          "sensitive_attributes": [],
          "private": "bnVsbA==",
          "dependencies": [
            "module.iam.aws_iam_role.lambda_role"
          ]
        }
      ]
    },
    {
      "module": "module.iam",
      "mode": "managed",
      "type": "aws_iam_role_policy_attachment",
      "name": "lambda_s3_policy_attachment",
      "provider": "provider[\"registry.terraform.io/hashicorp/aws\"]",
      "instances": [
        {
          "schema_version": 0,
          "attributes": {
            "id": "lambda_role-20240702085137908900000002",
            "policy_arn": "arn:aws:iam::339713038665:policy/s3_read_write_policy",
            "role": "lambda_role"
          },
          "sensitive_attributes": [],
          "private": "bnVsbA==",
          "dependencies": [
            "module.iam.aws_iam_policy.s3_policy",
            "module.iam.aws_iam_role.lambda_role",
            "module.s3.aws_s3_bucket.json_bucket"
          ]
        }
      ]
    },
    {
      "module": "module.lambda_add_todo",
      "mode": "data",
      "type": "archive_file",
      "name": "lambda_zip",
      "provider": "provider[\"registry.terraform.io/hashicorp/archive\"]",
      "instances": [
        {
          "schema_version": 0,
          "attributes": {
            "exclude_symlink_directories": null,
            "excludes": null,
            "id": "74e692470082ca96dd05b09cf8ae0febaa2217eb",
            "output_base64sha256": "K950+qXyCccY94RP5V/4W1sagOWLz+xYjcKra2nWtco=",
            "output_base64sha512": "FDV8NLTqUWY9mP4tbKBiKQpATp6h6ewEAOCei+1pwNCafKGmDERX4RUaM/p87i61xPBhVgVYxPX2EsXt7/hWvA==",
            "output_file_mode": null,
            "output_md5": "b18beafb68b8167f688acdabc5e5448f",
            "output_path": "./lambda_function.zip",
            "output_sha": "74e692470082ca96dd05b09cf8ae0febaa2217eb",
            "output_sha256": "2bde74faa5f209c718f7844fe55ff85b5b1a80e58bcfec588dc2ab6b69d6b5ca",
            "output_sha512": "14357c34b4ea51663d98fe2d6ca062290a404e9ea1e9ec0400e09e8bed69c0d09a7ca1a60c4457e1151a33fa7cee2eb5c4f061560558c4f5f612c5edeff856bc",
            "output_size": 22220246,
            "source": [],
            "source_content": null,
            "source_content_filename": null,
            "source_dir": "./dist",
            "source_file": null,
            "type": "zip"
          },
          "sensitive_attributes": []
        }
      ]
    },
    {
      "module": "module.lambda_add_todo",
      "mode": "managed",
      "type": "aws_lambda_function",
      "name": "lambda",
      "provider": "provider[\"registry.terraform.io/hashicorp/aws\"]",
      "instances": [
        {
          "schema_version": 0,
          "attributes": {
            "architectures": [
              "x86_64"
            ],
            "arn": "arn:aws:lambda:ap-south-1:339713038665:function:addTodo",
            "code_sha256": "K950+qXyCccY94RP5V/4W1sagOWLz+xYjcKra2nWtco=",
            "code_signing_config_arn": "",
            "dead_letter_config": [],
            "description": "",
            "environment": [
              {
                "variables": {
                  "S3_BUCKET_NAME": "my-json-bucket-for-terraform",
                  "S3_JSON_FILE_NAME": "todo.json"
                }
              }
            ],
            "ephemeral_storage": [
              {
                "size": 512
              }
            ],
            "file_system_config": [],
            "filename": "./lambda_function.zip",
            "function_name": "addTodo",
            "handler": "./controllers/todoController.addTodo",
            "id": "addTodo",
            "image_config": [],
            "image_uri": "",
            "invoke_arn": "arn:aws:apigateway:ap-south-1:lambda:path/2015-03-31/functions/arn:aws:lambda:ap-south-1:339713038665:function:addTodo/invocations",
            "kms_key_arn": "",
            "last_modified": "2024-07-02T09:36:10.000+0000",
            "layers": [],
            "logging_config": [
              {
                "application_log_level": "",
                "log_format": "Text",
                "log_group": "/aws/lambda/addTodo",
                "system_log_level": ""
              }
            ],
            "memory_size": 128,
            "package_type": "Zip",
            "publish": false,
            "qualified_arn": "arn:aws:lambda:ap-south-1:339713038665:function:addTodo:$LATEST",
            "qualified_invoke_arn": "arn:aws:apigateway:ap-south-1:lambda:path/2015-03-31/functions/arn:aws:lambda:ap-south-1:339713038665:function:addTodo:$LATEST/invocations",
            "replace_security_groups_on_destroy": null,
            "replacement_security_group_ids": null,
            "reserved_concurrent_executions": -1,
            "role": "arn:aws:iam::339713038665:role/lambda_role",
            "runtime": "nodejs20.x",
            "s3_bucket": null,
            "s3_key": null,
            "s3_object_version": null,
            "signing_job_arn": "",
            "signing_profile_version_arn": "",
            "skip_destroy": false,
            "snap_start": [],
            "source_code_hash": "K950+qXyCccY94RP5V/4W1sagOWLz+xYjcKra2nWtco=",
            "source_code_size": 22220246,
            "tags": {},
            "tags_all": {},
            "timeout": 3,
            "timeouts": null,
            "tracing_config": [
              {
                "mode": "PassThrough"
              }
            ],
            "version": "$LATEST",
            "vpc_config": []
          },
          "sensitive_attributes": [],
          "private": "eyJlMmJmYjczMC1lY2FhLTExZTYtOGY4OC0zNDM2M2JjN2M0YzAiOnsiY3JlYXRlIjo2MDAwMDAwMDAwMDAsImRlbGV0ZSI6NjAwMDAwMDAwMDAwLCJ1cGRhdGUiOjYwMDAwMDAwMDAwMH19",
          "dependencies": [
            "module.iam.aws_iam_role.lambda_role",
            "module.lambda_add_todo.data.archive_file.lambda_zip",
            "module.lambda_add_todo.null_resource.lambda_prepare",
            "module.s3.aws_s3_bucket.json_bucket",
            "module.s3.aws_s3_object.file_upload"
          ],
          "create_before_destroy": true
        }
      ]
    },
    {
      "module": "module.lambda_add_todo",
      "mode": "managed",
      "type": "null_resource",
      "name": "lambda_prepare",
      "provider": "provider[\"registry.terraform.io/hashicorp/null\"]",
      "instances": [
        {
          "schema_version": 0,
          "attributes": {
            "id": "765262158230864983",
            "triggers": {
              "always_run": "2024-07-02T09:34:21Z"
            }
          },
          "sensitive_attributes": [],
          "create_before_destroy": true
        }
      ]
    },
    {
      "module": "module.lambda_delete_todo",
      "mode": "data",
      "type": "archive_file",
      "name": "lambda_zip",
      "provider": "provider[\"registry.terraform.io/hashicorp/archive\"]",
      "instances": [
        {
          "schema_version": 0,
          "attributes": {
            "exclude_symlink_directories": null,
            "excludes": null,
            "id": "74e692470082ca96dd05b09cf8ae0febaa2217eb",
            "output_base64sha256": "K950+qXyCccY94RP5V/4W1sagOWLz+xYjcKra2nWtco=",
            "output_base64sha512": "FDV8NLTqUWY9mP4tbKBiKQpATp6h6ewEAOCei+1pwNCafKGmDERX4RUaM/p87i61xPBhVgVYxPX2EsXt7/hWvA==",
            "output_file_mode": null,
            "output_md5": "b18beafb68b8167f688acdabc5e5448f",
            "output_path": "./lambda_function.zip",
            "output_sha": "74e692470082ca96dd05b09cf8ae0febaa2217eb",
            "output_sha256": "2bde74faa5f209c718f7844fe55ff85b5b1a80e58bcfec588dc2ab6b69d6b5ca",
            "output_sha512": "14357c34b4ea51663d98fe2d6ca062290a404e9ea1e9ec0400e09e8bed69c0d09a7ca1a60c4457e1151a33fa7cee2eb5c4f061560558c4f5f612c5edeff856bc",
            "output_size": 22220246,
            "source": [],
            "source_content": null,
            "source_content_filename": null,
            "source_dir": "./dist",
            "source_file": null,
            "type": "zip"
          },
          "sensitive_attributes": []
        }
      ]
    },
    {
      "module": "module.lambda_delete_todo",
      "mode": "managed",
      "type": "aws_lambda_function",
      "name": "lambda",
      "provider": "provider[\"registry.terraform.io/hashicorp/aws\"]",
      "instances": [
        {
          "schema_version": 0,
          "attributes": {
            "architectures": [
              "x86_64"
            ],
            "arn": "arn:aws:lambda:ap-south-1:339713038665:function:deleteTodo",
            "code_sha256": "K950+qXyCccY94RP5V/4W1sagOWLz+xYjcKra2nWtco=",
            "code_signing_config_arn": "",
            "dead_letter_config": [],
            "description": "",
            "environment": [
              {
                "variables": {
                  "S3_BUCKET_NAME": "my-json-bucket-for-terraform",
                  "S3_JSON_FILE_NAME": "todo.json"
                }
              }
            ],
            "ephemeral_storage": [
              {
                "size": 512
              }
            ],
            "file_system_config": [],
            "filename": "./lambda_function.zip",
            "function_name": "deleteTodo",
            "handler": "./controllers/todoController.deleteTodo",
            "id": "deleteTodo",
            "image_config": [],
            "image_uri": "",
            "invoke_arn": "arn:aws:apigateway:ap-south-1:lambda:path/2015-03-31/functions/arn:aws:lambda:ap-south-1:339713038665:function:deleteTodo/invocations",
            "kms_key_arn": "",
            "last_modified": "2024-07-02T09:36:20.000+0000",
            "layers": [],
            "logging_config": [
              {
                "application_log_level": "",
                "log_format": "Text",
                "log_group": "/aws/lambda/deleteTodo",
                "system_log_level": ""
              }
            ],
            "memory_size": 128,
            "package_type": "Zip",
            "publish": false,
            "qualified_arn": "arn:aws:lambda:ap-south-1:339713038665:function:deleteTodo:$LATEST",
            "qualified_invoke_arn": "arn:aws:apigateway:ap-south-1:lambda:path/2015-03-31/functions/arn:aws:lambda:ap-south-1:339713038665:function:deleteTodo:$LATEST/invocations",
            "replace_security_groups_on_destroy": null,
            "replacement_security_group_ids": null,
            "reserved_concurrent_executions": -1,
            "role": "arn:aws:iam::339713038665:role/lambda_role",
            "runtime": "nodejs20.x",
            "s3_bucket": null,
            "s3_key": null,
            "s3_object_version": null,
            "signing_job_arn": "",
            "signing_profile_version_arn": "",
            "skip_destroy": false,
            "snap_start": [],
            "source_code_hash": "K950+qXyCccY94RP5V/4W1sagOWLz+xYjcKra2nWtco=",
            "source_code_size": 22220246,
            "tags": {},
            "tags_all": {},
            "timeout": 3,
            "timeouts": null,
            "tracing_config": [
              {
                "mode": "PassThrough"
              }
            ],
            "version": "$LATEST",
            "vpc_config": []
          },
          "sensitive_attributes": [],
          "private": "eyJlMmJmYjczMC1lY2FhLTExZTYtOGY4OC0zNDM2M2JjN2M0YzAiOnsiY3JlYXRlIjo2MDAwMDAwMDAwMDAsImRlbGV0ZSI6NjAwMDAwMDAwMDAwLCJ1cGRhdGUiOjYwMDAwMDAwMDAwMH19",
          "dependencies": [
            "module.iam.aws_iam_role.lambda_role",
            "module.lambda_delete_todo.data.archive_file.lambda_zip",
            "module.lambda_delete_todo.null_resource.lambda_prepare",
            "module.s3.aws_s3_bucket.json_bucket",
            "module.s3.aws_s3_object.file_upload"
          ],
          "create_before_destroy": true
        }
      ]
    },
    {
      "module": "module.lambda_delete_todo",
      "mode": "managed",
      "type": "null_resource",
      "name": "lambda_prepare",
      "provider": "provider[\"registry.terraform.io/hashicorp/null\"]",
      "instances": [
        {
          "schema_version": 0,
          "attributes": {
            "id": "2468403148804869984",
            "triggers": {
              "always_run": "2024-07-02T09:34:21Z"
            }
          },
          "sensitive_attributes": [],
          "create_before_destroy": true
        }
      ]
    },
    {
      "module": "module.lambda_get_todos",
      "mode": "data",
      "type": "archive_file",
      "name": "lambda_zip",
      "provider": "provider[\"registry.terraform.io/hashicorp/archive\"]",
      "instances": [
        {
          "schema_version": 0,
          "attributes": {
            "exclude_symlink_directories": null,
            "excludes": null,
            "id": "74e692470082ca96dd05b09cf8ae0febaa2217eb",
            "output_base64sha256": "K950+qXyCccY94RP5V/4W1sagOWLz+xYjcKra2nWtco=",
            "output_base64sha512": "FDV8NLTqUWY9mP4tbKBiKQpATp6h6ewEAOCei+1pwNCafKGmDERX4RUaM/p87i61xPBhVgVYxPX2EsXt7/hWvA==",
            "output_file_mode": null,
            "output_md5": "b18beafb68b8167f688acdabc5e5448f",
            "output_path": "./lambda_function.zip",
            "output_sha": "74e692470082ca96dd05b09cf8ae0febaa2217eb",
            "output_sha256": "2bde74faa5f209c718f7844fe55ff85b5b1a80e58bcfec588dc2ab6b69d6b5ca",
            "output_sha512": "14357c34b4ea51663d98fe2d6ca062290a404e9ea1e9ec0400e09e8bed69c0d09a7ca1a60c4457e1151a33fa7cee2eb5c4f061560558c4f5f612c5edeff856bc",
            "output_size": 22220246,
            "source": [],
            "source_content": null,
            "source_content_filename": null,
            "source_dir": "./dist",
            "source_file": null,
            "type": "zip"
          },
          "sensitive_attributes": []
        }
      ]
    },
    {
      "module": "module.lambda_get_todos",
      "mode": "managed",
      "type": "aws_lambda_function",
      "name": "lambda",
      "provider": "provider[\"registry.terraform.io/hashicorp/aws\"]",
      "instances": [
        {
          "schema_version": 0,
          "attributes": {
            "architectures": [
              "x86_64"
            ],
            "arn": "arn:aws:lambda:ap-south-1:339713038665:function:getTodos",
            "code_sha256": "K950+qXyCccY94RP5V/4W1sagOWLz+xYjcKra2nWtco=",
            "code_signing_config_arn": "",
            "dead_letter_config": [],
            "description": "",
            "environment": [
              {
                "variables": {
                  "S3_BUCKET_NAME": "my-json-bucket-for-terraform",
                  "S3_JSON_FILE_NAME": "todo.json"
                }
              }
            ],
            "ephemeral_storage": [
              {
                "size": 512
              }
            ],
            "file_system_config": [],
            "filename": "./lambda_function.zip",
            "function_name": "getTodos",
            "handler": "./controllers/todoController.getTodos",
            "id": "getTodos",
            "image_config": [],
            "image_uri": "",
            "invoke_arn": "arn:aws:apigateway:ap-south-1:lambda:path/2015-03-31/functions/arn:aws:lambda:ap-south-1:339713038665:function:getTodos/invocations",
            "kms_key_arn": "",
            "last_modified": "2024-07-02T09:36:45.000+0000",
            "layers": [],
            "logging_config": [
              {
                "application_log_level": "",
                "log_format": "Text",
                "log_group": "/aws/lambda/getTodos",
                "system_log_level": ""
              }
            ],
            "memory_size": 128,
            "package_type": "Zip",
            "publish": false,
            "qualified_arn": "arn:aws:lambda:ap-south-1:339713038665:function:getTodos:$LATEST",
            "qualified_invoke_arn": "arn:aws:apigateway:ap-south-1:lambda:path/2015-03-31/functions/arn:aws:lambda:ap-south-1:339713038665:function:getTodos:$LATEST/invocations",
            "replace_security_groups_on_destroy": null,
            "replacement_security_group_ids": null,
            "reserved_concurrent_executions": -1,
            "role": "arn:aws:iam::339713038665:role/lambda_role",
            "runtime": "nodejs20.x",
            "s3_bucket": null,
            "s3_key": null,
            "s3_object_version": null,
            "signing_job_arn": "",
            "signing_profile_version_arn": "",
            "skip_destroy": false,
            "snap_start": [],
            "source_code_hash": "K950+qXyCccY94RP5V/4W1sagOWLz+xYjcKra2nWtco=",
            "source_code_size": 22220246,
            "tags": {},
            "tags_all": {},
            "timeout": 3,
            "timeouts": null,
            "tracing_config": [
              {
                "mode": "PassThrough"
              }
            ],
            "version": "$LATEST",
            "vpc_config": []
          },
          "sensitive_attributes": [],
          "private": "eyJlMmJmYjczMC1lY2FhLTExZTYtOGY4OC0zNDM2M2JjN2M0YzAiOnsiY3JlYXRlIjo2MDAwMDAwMDAwMDAsImRlbGV0ZSI6NjAwMDAwMDAwMDAwLCJ1cGRhdGUiOjYwMDAwMDAwMDAwMH19",
          "dependencies": [
            "module.iam.aws_iam_role.lambda_role",
            "module.lambda_get_todos.data.archive_file.lambda_zip",
            "module.lambda_get_todos.null_resource.lambda_prepare",
            "module.s3.aws_s3_bucket.json_bucket",
            "module.s3.aws_s3_object.file_upload"
          ],
          "create_before_destroy": true
        }
      ]
    },
    {
      "module": "module.lambda_get_todos",
      "mode": "managed",
      "type": "null_resource",
      "name": "lambda_prepare",
      "provider": "provider[\"registry.terraform.io/hashicorp/null\"]",
      "instances": [
        {
          "schema_version": 0,
          "attributes": {
            "id": "8277013357352295503",
            "triggers": {
              "always_run": "2024-07-02T09:34:21Z"
            }
          },
          "sensitive_attributes": [],
          "create_before_destroy": true
        }
      ]
    },
    {
      "module": "module.lambda_update_todo",
      "mode": "data",
      "type": "archive_file",
      "name": "lambda_zip",
      "provider": "provider[\"registry.terraform.io/hashicorp/archive\"]",
      "instances": [
        {
          "schema_version": 0,
          "attributes": {
            "exclude_symlink_directories": null,
            "excludes": null,
            "id": "74e692470082ca96dd05b09cf8ae0febaa2217eb",
            "output_base64sha256": "K950+qXyCccY94RP5V/4W1sagOWLz+xYjcKra2nWtco=",
            "output_base64sha512": "FDV8NLTqUWY9mP4tbKBiKQpATp6h6ewEAOCei+1pwNCafKGmDERX4RUaM/p87i61xPBhVgVYxPX2EsXt7/hWvA==",
            "output_file_mode": null,
            "output_md5": "b18beafb68b8167f688acdabc5e5448f",
            "output_path": "./lambda_function.zip",
            "output_sha": "74e692470082ca96dd05b09cf8ae0febaa2217eb",
            "output_sha256": "2bde74faa5f209c718f7844fe55ff85b5b1a80e58bcfec588dc2ab6b69d6b5ca",
            "output_sha512": "14357c34b4ea51663d98fe2d6ca062290a404e9ea1e9ec0400e09e8bed69c0d09a7ca1a60c4457e1151a33fa7cee2eb5c4f061560558c4f5f612c5edeff856bc",
            "output_size": 22220246,
            "source": [],
            "source_content": null,
            "source_content_filename": null,
            "source_dir": "./dist",
            "source_file": null,
            "type": "zip"
          },
          "sensitive_attributes": []
        }
      ]
    },
    {
      "module": "module.lambda_update_todo",
      "mode": "managed",
      "type": "aws_lambda_function",
      "name": "lambda",
      "provider": "provider[\"registry.terraform.io/hashicorp/aws\"]",
      "instances": [
        {
          "schema_version": 0,
          "attributes": {
            "architectures": [
              "x86_64"
            ],
            "arn": "arn:aws:lambda:ap-south-1:339713038665:function:updateTodo",
            "code_sha256": "K950+qXyCccY94RP5V/4W1sagOWLz+xYjcKra2nWtco=",
            "code_signing_config_arn": "",
            "dead_letter_config": [],
            "description": "",
            "environment": [
              {
                "variables": {
                  "S3_BUCKET_NAME": "my-json-bucket-for-terraform",
                  "S3_JSON_FILE_NAME": "todo.json"
                }
              }
            ],
            "ephemeral_storage": [
              {
                "size": 512
              }
            ],
            "file_system_config": [],
            "filename": "./lambda_function.zip",
            "function_name": "updateTodo",
            "handler": "./controllers/todoController.updateTodo",
            "id": "updateTodo",
            "image_config": [],
            "image_uri": "",
            "invoke_arn": "arn:aws:apigateway:ap-south-1:lambda:path/2015-03-31/functions/arn:aws:lambda:ap-south-1:339713038665:function:updateTodo/invocations",
            "kms_key_arn": "",
            "last_modified": "2024-07-02T09:36:31.000+0000",
            "layers": [],
            "logging_config": [
              {
                "application_log_level": "",
                "log_format": "Text",
                "log_group": "/aws/lambda/updateTodo",
                "system_log_level": ""
              }
            ],
            "memory_size": 128,
            "package_type": "Zip",
            "publish": false,
            "qualified_arn": "arn:aws:lambda:ap-south-1:339713038665:function:updateTodo:$LATEST",
            "qualified_invoke_arn": "arn:aws:apigateway:ap-south-1:lambda:path/2015-03-31/functions/arn:aws:lambda:ap-south-1:339713038665:function:updateTodo:$LATEST/invocations",
            "replace_security_groups_on_destroy": null,
            "replacement_security_group_ids": null,
            "reserved_concurrent_executions": -1,
            "role": "arn:aws:iam::339713038665:role/lambda_role",
            "runtime": "nodejs20.x",
            "s3_bucket": null,
            "s3_key": null,
            "s3_object_version": null,
            "signing_job_arn": "",
            "signing_profile_version_arn": "",
            "skip_destroy": false,
            "snap_start": [],
            "source_code_hash": "K950+qXyCccY94RP5V/4W1sagOWLz+xYjcKra2nWtco=",
            "source_code_size": 22220246,
            "tags": {},
            "tags_all": {},
            "timeout": 3,
            "timeouts": null,
            "tracing_config": [
              {
                "mode": "PassThrough"
              }
            ],
            "version": "$LATEST",
            "vpc_config": []
          },
          "sensitive_attributes": [],
          "private": "eyJlMmJmYjczMC1lY2FhLTExZTYtOGY4OC0zNDM2M2JjN2M0YzAiOnsiY3JlYXRlIjo2MDAwMDAwMDAwMDAsImRlbGV0ZSI6NjAwMDAwMDAwMDAwLCJ1cGRhdGUiOjYwMDAwMDAwMDAwMH19",
          "dependencies": [
            "module.iam.aws_iam_role.lambda_role",
            "module.lambda_update_todo.data.archive_file.lambda_zip",
            "module.lambda_update_todo.null_resource.lambda_prepare",
            "module.s3.aws_s3_bucket.json_bucket",
            "module.s3.aws_s3_object.file_upload"
          ],
          "create_before_destroy": true
        }
      ]
    },
    {
      "module": "module.lambda_update_todo",
      "mode": "managed",
      "type": "null_resource",
      "name": "lambda_prepare",
      "provider": "provider[\"registry.terraform.io/hashicorp/null\"]",
      "instances": [
        {
          "schema_version": 0,
          "attributes": {
            "id": "8154847824682281291",
            "triggers": {
              "always_run": "2024-07-02T09:34:21Z"
            }
          },
          "sensitive_attributes": [],
          "create_before_destroy": true
        }
      ]
    },
    {
      "module": "module.s3",
      "mode": "managed",
      "type": "aws_s3_bucket",
      "name": "json_bucket",
      "provider": "provider[\"registry.terraform.io/hashicorp/aws\"]",
      "instances": [
        {
          "schema_version": 0,
          "attributes": {
            "acceleration_status": "",
            "acl": null,
            "arn": "arn:aws:s3:::my-json-bucket-for-terraform",
            "bucket": "my-json-bucket-for-terraform",
            "bucket_domain_name": "my-json-bucket-for-terraform.s3.amazonaws.com",
            "bucket_prefix": "",
            "bucket_regional_domain_name": "my-json-bucket-for-terraform.s3.ap-south-1.amazonaws.com",
            "cors_rule": [],
            "force_destroy": false,
            "grant": [
              {
                "id": "478c76500f5720bb033debb08788570553b1ad21213adec6af77238a11337850",
                "permissions": [
                  "FULL_CONTROL"
                ],
                "type": "CanonicalUser",
                "uri": ""
              }
            ],
            "hosted_zone_id": "Z11RGJOFQNVJUP",
            "id": "my-json-bucket-for-terraform",
            "lifecycle_rule": [],
            "logging": [],
            "object_lock_configuration": [],
            "object_lock_enabled": false,
            "policy": "",
            "region": "ap-south-1",
            "replication_configuration": [],
            "request_payer": "BucketOwner",
            "server_side_encryption_configuration": [
              {
                "rule": [
                  {
                    "apply_server_side_encryption_by_default": [
                      {
                        "kms_master_key_id": "",
                        "sse_algorithm": "AES256"
                      }
                    ],
                    "bucket_key_enabled": false
                  }
                ]
              }
            ],
            "tags": {},
            "tags_all": {},
            "timeouts": null,
            "versioning": [
              {
                "enabled": false,
                "mfa_delete": false
              }
            ],
            "website": [],
            "website_domain": null,
            "website_endpoint": null
          },
          "sensitive_attributes": [],
          "private": "eyJlMmJmYjczMC1lY2FhLTExZTYtOGY4OC0zNDM2M2JjN2M0YzAiOnsiY3JlYXRlIjoxMjAwMDAwMDAwMDAwLCJkZWxldGUiOjM2MDAwMDAwMDAwMDAsInJlYWQiOjEyMDAwMDAwMDAwMDAsInVwZGF0ZSI6MTIwMDAwMDAwMDAwMH19",
          "create_before_destroy": true
        }
      ]
    },
    {
      "module": "module.s3",
      "mode": "managed",
      "type": "aws_s3_object",
      "name": "file_upload",
      "provider": "provider[\"registry.terraform.io/hashicorp/aws\"]",
      "instances": [
        {
          "schema_version": 0,
          "attributes": {
            "acl": null,
            "arn": "arn:aws:s3:::my-json-bucket-for-terraform/todo.json",
            "bucket": "my-json-bucket-for-terraform",
            "bucket_key_enabled": false,
            "cache_control": "",
            "checksum_algorithm": null,
            "checksum_crc32": "",
            "checksum_crc32c": "",
            "checksum_sha1": "",
            "checksum_sha256": "",
            "content": null,
            "content_base64": null,
            "content_disposition": "",
            "content_encoding": "",
            "content_language": "",
            "content_type": "application/octet-stream",
            "etag": "09ade9403b07f1143c0ba36dc3f7499e",
            "force_destroy": false,
            "id": "todo.json",
            "key": "todo.json",
            "kms_key_id": null,
            "metadata": {},
            "object_lock_legal_hold_status": "",
            "object_lock_mode": "",
            "object_lock_retain_until_date": "",
            "override_provider": [],
            "server_side_encryption": "AES256",
            "source": "./src/data/todo.json",
            "source_hash": null,
            "storage_class": "STANDARD",
            "tags": {},
            "tags_all": {},
            "version_id": "",
            "website_redirect": ""
          },
          "sensitive_attributes": [],
          "private": "bnVsbA==",
          "dependencies": [
            "module.s3.aws_s3_bucket.json_bucket"
          ],
          "create_before_destroy": true
        }
      ]
    }
  ],
  "check_results": null
}
